
Microsoft Visual Studio Solution File, Format Version 11.00
# Visual Studio 2010
Project("{FAE04EC0-301F-11D3-BF4B-00C04F79EFBC}") = "Test Terrain Toolkit", "Assembly-CSharp.csproj", "{BDA59022-1804-8B87-777F-9DAF8C30C1C8}"
EndProject
Project("{FAE04EC0-301F-11D3-BF4B-00C04F79EFBC}") = "Test Terrain Toolkit", "Assembly-CSharp-Editor.csproj", "{69942BC0-00D1-21FA-48B7-03751A2201D4}"
EndProject
Global
	GlobalSection(SolutionConfigurationPlatforms) = preSolution
		Debug|Any CPU = Debug|Any CPU
		Release|Any CPU = Release|Any CPU
	EndGlobalSection
	GlobalSection(ProjectConfigurationPlatforms) = postSolution
		{BDA59022-1804-8B87-777F-9DAF8C30C1C8}.Debug|Any CPU.ActiveCfg = Debug|Any CPU
		{BDA59022-1804-8B87-777F-9DAF8C30C1C8}.Debug|Any CPU.Build.0 = Debug|Any CPU
		{BDA59022-1804-8B87-777F-9DAF8C30C1C8}.Release|Any CPU.ActiveCfg = Release|Any CPU
		{BDA59022-1804-8B87-777F-9DAF8C30C1C8}.Release|Any CPU.Build.0 = Release|Any CPU
		{69942BC0-00D1-21FA-48B7-03751A2201D4}.Debug|Any CPU.ActiveCfg = Debug|Any CPU
		{69942BC0-00D1-21FA-48B7-03751A2201D4}.Debug|Any CPU.Build.0 = Debug|Any CPU
		{69942BC0-00D1-21FA-48B7-03751A2201D4}.Release|Any CPU.ActiveCfg = Release|Any CPU
		{69942BC0-00D1-21FA-48B7-03751A2201D4}.Release|Any CPU.Build.0 = Release|Any CPU
	EndGlobalSection
	GlobalSection(SolutionProperties) = preSolution
		HideSolutionNode = FALSE
	EndGlobalSection
	GlobalSection(MonoDevelopProperties) = preSolution
		StartupItem = Assembly-CSharp.csproj
	EndGlobalSection
EndGlobal
